// !$*UTF8*$!
{
	archiveVersion = 1;
	classes = {
	};
	objectVersion = 50;
	objects = {

/* Begin PBXBuildFile section */
		236D1FEB25D8566E0063A568 /* iPad_GoApp.swift in Sources */ = {isa = PBXBuildFile; fileRef = 236D1FEA25D8566E0063A568 /* iPad_GoApp.swift */; };
		236D1FED25D8566E0063A568 /* ContentView.swift in Sources */ = {isa = PBXBuildFile; fileRef = 236D1FEC25D8566E0063A568 /* ContentView.swift */; };
		236D1FEF25D856710063A568 /* Assets.xcassets in Resources */ = {isa = PBXBuildFile; fileRef = 236D1FEE25D856710063A568 /* Assets.xcassets */; };
		236D1FF225D856710063A568 /* Preview Assets.xcassets in Resources */ = {isa = PBXBuildFile; fileRef = 236D1FF125D856710063A568 /* Preview Assets.xcassets */; };
		236D1FFD25D856710063A568 /* iPad_GoTests.swift in Sources */ = {isa = PBXBuildFile; fileRef = 236D1FFC25D856710063A568 /* iPad_GoTests.swift */; };
		236D200825D856710063A568 /* iPad_GoUITests.swift in Sources */ = {isa = PBXBuildFile; fileRef = 236D200725D856710063A568 /* iPad_GoUITests.swift */; };
/* End PBXBuildFile section */

/* Begin PBXContainerItemProxy section */
		236D1FF925D856710063A568 /* PBXContainerItemProxy */ = {
			isa = PBXContainerItemProxy;
			containerPortal = 236D1FDF25D8566E0063A568 /* Project object */;
			proxyType = 1;
			remoteGlobalIDString = 236D1FE625D8566E0063A568;
			remoteInfo = "iPad-Go";
		};
		236D200425D856710063A568 /* PBXContainerItemProxy */ = {
			isa = PBXContainerItemProxy;
			containerPortal = 236D1FDF25D8566E0063A568 /* Project object */;
			proxyType = 1;
			remoteGlobalIDString = 236D1FE625D8566E0063A568;
			remoteInfo = "iPad-Go";
		};
/* End PBXContainerItemProxy section */

/* Begin PBXFileReference section */
		236D1FE725D8566E0063A568 /* iPad-Go.app */ = {isa = PBXFileReference; explicitFileType = wrapper.application; includeInIndex = 0; path = "iPad-Go.app"; sourceTree = BUILT_PRODUCTS_DIR; };
		236D1FEA25D8566E0063A568 /* iPad_GoApp.swift */ = {isa = PBXFileReference; lastKnownFileType = sourcecode.swift; path = iPad_GoApp.swift; sourceTree = "<group>"; };
		236D1FEC25D8566E0063A568 /* ContentView.swift */ = {isa = PBXFileReference; lastKnownFileType = sourcecode.swift; path = ContentView.swift; sourceTree = "<group>"; };
		236D1FEE25D856710063A568 /* Assets.xcassets */ = {isa = PBXFileReference; lastKnownFileType = folder.assetcatalog; path = Assets.xcassets; sourceTree = "<group>"; };
		236D1FF125D856710063A568 /* Preview Assets.xcassets */ = {isa = PBXFileReference; lastKnownFileType = folder.assetcatalog; path = "Preview Assets.xcassets"; sourceTree = "<group>"; };
		236D1FF325D856710063A568 /* Info.plist */ = {isa = PBXFileReference; lastKnownFileType = text.plist.xml; path = Info.plist; sourceTree = "<group>"; };
		236D1FF825D856710063A568 /* iPad-GoTests.xctest */ = {isa = PBXFileReference; explicitFileType = wrapper.cfbundle; includeInIndex = 0; path = "iPad-GoTests.xctest"; sourceTree = BUILT_PRODUCTS_DIR; };
		236D1FFC25D856710063A568 /* iPad_GoTests.swift */ = {isa = PBXFileReference; lastKnownFileType = sourcecode.swift; path = iPad_GoTests.swift; sourceTree = "<group>"; };
		236D1FFE25D856710063A568 /* Info.plist */ = {isa = PBXFileReference; lastKnownFileType = text.plist.xml; path = Info.plist; sourceTree = "<group>"; };
		236D200325D856710063A568 /* iPad-GoUITests.xctest */ = {isa = PBXFileReference; explicitFileType = wrapper.cfbundle; includeInIndex = 0; path = "iPad-GoUITests.xctest"; sourceTree = BUILT_PRODUCTS_DIR; };
		236D200725D856710063A568 /* iPad_GoUITests.swift */ = {isa = PBXFileReference; lastKnownFileType = sourcecode.swift; path = iPad_GoUITests.swift; sourceTree = "<group>"; };
		236D200925D856710063A568 /* Info.plist */ = {isa = PBXFileReference; lastKnownFileType = text.plist.xml; path = Info.plist; sourceTree = "<group>"; };
/* End PBXFileReference section */

/* Begin PBXFrameworksBuildPhase section */
		236D1FE425D8566E0063A568 /* Frameworks */ = {
			isa = PBXFrameworksBuildPhase;
			buildActionMask = 2147483647;
			files = (
			);
			runOnlyForDeploymentPostprocessing = 0;
		};
		236D1FF525D856710063A568 /* Frameworks */ = {
			isa = PBXFrameworksBuildPhase;
			buildActionMask = 2147483647;
			files = (
			);
			runOnlyForDeploymentPostprocessing = 0;
		};
		236D200025D856710063A568 /* Frameworks */ = {
			isa = PBXFrameworksBuildPhase;
			buildActionMask = 2147483647;
			files = (
			);
			runOnlyForDeploymentPostprocessing = 0;
		};
/* End PBXFrameworksBuildPhase section */

/* Begin PBXGroup section */
		236D1FDE25D8566E0063A568 = {
			isa = PBXGroup;
			children = (
				236D1FE925D8566E0063A568 /* iPad-Go */,
				236D1FFB25D856710063A568 /* iPad-GoTests */,
				236D200625D856710063A568 /* iPad-GoUITests */,
				236D1FE825D8566E0063A568 /* Products */,
			);
			sourceTree = "<group>";
		};
		236D1FE825D8566E0063A568 /* Products */ = {
			isa = PBXGroup;
			children = (
				236D1FE725D8566E0063A568 /* iPad-Go.app */,
				236D1FF825D856710063A568 /* iPad-GoTests.xctest */,
				236D200325D856710063A568 /* iPad-GoUITests.xctest */,
			);
			name = Products;
			sourceTree = "<group>";
		};
		236D1FE925D8566E0063A568 /* iPad-Go */ = {
			isa = PBXGroup;
			children = (
				236D1FEA25D8566E0063A568 /* iPad_GoApp.swift */,
				236D1FEC25D8566E0063A568 /* ContentView.swift */,
				236D1FEE25D856710063A568 /* Assets.xcassets */,
				236D1FF325D856710063A568 /* Info.plist */,
				236D1FF025D856710063A568 /* Preview Content */,
			);
			path = "iPad-Go";
			sourceTree = "<group>";
		};
		236D1FF025D856710063A568 /* Preview Content */ = {
			isa = PBXGroup;
			children = (
				236D1FF125D856710063A568 /* Preview Assets.xcassets */,
			);
			path = "Preview Content";
			sourceTree = "<group>";
		};
		236D1FFB25D856710063A568 /* iPad-GoTests */ = {
			isa = PBXGroup;
			children = (
				236D1FFC25D856710063A568 /* iPad_GoTests.swift */,
				236D1FFE25D856710063A568 /* Info.plist */,
			);
			path = "iPad-GoTests";
			sourceTree = "<group>";
		};
		236D200625D856710063A568 /* iPad-GoUITests */ = {
			isa = PBXGroup;
			children = (
				236D200725D856710063A568 /* iPad_GoUITests.swift */,
				236D200925D856710063A568 /* Info.plist */,
			);
			path = "iPad-GoUITests";
			sourceTree = "<group>";
		};
/* End PBXGroup section */

/* Begin PBXNativeTarget section */
		236D1FE625D8566E0063A568 /* iPad-Go */ = {
			isa = PBXNativeTarget;
			buildConfigurationList = 236D200C25D856710063A568 /* Build configuration list for PBXNativeTarget "iPad-Go" */;
			buildPhases = (
				236D1FE325D8566E0063A568 /* Sources */,
				236D1FE425D8566E0063A568 /* Frameworks */,
				236D1FE525D8566E0063A568 /* Resources */,
			);
			buildRules = (
			);
			dependencies = (
			);
			name = "iPad-Go";
			productName = "iPad-Go";
			productReference = 236D1FE725D8566E0063A568 /* iPad-Go.app */;
			productType = "com.apple.product-type.application";
		};
		236D1FF725D856710063A568 /* iPad-GoTests */ = {
			isa = PBXNativeTarget;
			buildConfigurationList = 236D200F25D856710063A568 /* Build configuration list for PBXNativeTarget "iPad-GoTests" */;
			buildPhases = (
				236D1FF425D856710063A568 /* Sources */,
				236D1FF525D856710063A568 /* Frameworks */,
				236D1FF625D856710063A568 /* Resources */,
			);
			buildRules = (
			);
			dependencies = (
				236D1FFA25D856710063A568 /* PBXTargetDependency */,
			);
			name = "iPad-GoTests";
			productName = "iPad-GoTests";
			productReference = 236D1FF825D856710063A568 /* iPad-GoTests.xctest */;
			productType = "com.apple.product-type.bundle.unit-test";
		};
		236D200225D856710063A568 /* iPad-GoUITests */ = {
			isa = PBXNativeTarget;
			buildConfigurationList = 236D201225D856710063A568 /* Build configuration list for PBXNativeTarget "iPad-GoUITests" */;
			buildPhases = (
				236D1FFF25D856710063A568 /* Sources */,
				236D200025D856710063A568 /* Frameworks */,
				236D200125D856710063A568 /* Resources */,
			);
			buildRules = (
			);
			dependencies = (
				236D200525D856710063A568 /* PBXTargetDependency */,
			);
			name = "iPad-GoUITests";
			productName = "iPad-GoUITests";
			productReference = 236D200325D856710063A568 /* iPad-GoUITests.xctest */;
			productType = "com.apple.product-type.bundle.ui-testing";
		};
/* End PBXNativeTarget section */

/* Begin PBXProject section */
		236D1FDF25D8566E0063A568 /* Project object */ = {
			isa = PBXProject;
			attributes = {
				LastSwiftUpdateCheck = 1240;
				LastUpgradeCheck = 1240;
				TargetAttributes = {
					236D1FE625D8566E0063A568 = {
						CreatedOnToolsVersion = 12.4;
					};
					236D1FF725D856710063A568 = {
						CreatedOnToolsVersion = 12.4;
						TestTargetID = 236D1FE625D8566E0063A568;
					};
					236D200225D856710063A568 = {
						CreatedOnToolsVersion = 12.4;
						TestTargetID = 236D1FE625D8566E0063A568;
					};
				};
			};
			buildConfigurationList = 236D1FE225D8566E0063A568 /* Build configuration list for PBXProject "iPad-Go" */;
			compatibilityVersion = "Xcode 9.3";
			developmentRegion = en;
			hasScannedForEncodings = 0;
			knownRegions = (
				en,
				Base,
			);
			mainGroup = 236D1FDE25D8566E0063A568;
			productRefGroup = 236D1FE825D8566E0063A568 /* Products */;
			projectDirPath = "";
			projectRoot = "";
			targets = (
				236D1FE625D8566E0063A568 /* iPad-Go */,
				236D1FF725D856710063A568 /* iPad-GoTests */,
				236D200225D856710063A568 /* iPad-GoUITests */,
			);
		};
/* End PBXProject section */

/* Begin PBXResourcesBuildPhase section */
		236D1FE525D8566E0063A568 /* Resources */ = {
			isa = PBXResourcesBuildPhase;
			buildActionMask = 2147483647;
			files = (
				236D1FF225D856710063A568 /* Preview Assets.xcassets in Resources */,
				236D1FEF25D856710063A568 /* Assets.xcassets in Resources */,
			);
			runOnlyForDeploymentPostprocessing = 0;
		};
		236D1FF625D856710063A568 /* Resources */ = {
			isa = PBXResourcesBuildPhase;
			buildActionMask = 2147483647;
			files = (
			);
			runOnlyForDeploymentPostprocessing = 0;
		};
		236D200125D856710063A568 /* Resources */ = {
			isa = PBXResourcesBuildPhase;
			buildActionMask = 2147483647;
			files = (
			);
			runOnlyForDeploymentPostprocessing = 0;
		};
/* End PBXResourcesBuildPhase section */

/* Begin PBXSourcesBuildPhase section */
		236D1FE325D8566E0063A568 /* Sources */ = {
			isa = PBXSourcesBuildPhase;
			buildActionMask = 2147483647;
			files = (
				236D1FED25D8566E0063A568 /* ContentView.swift in Sources */,
				236D1FEB25D8566E0063A568 /* iPad_GoApp.swift in Sources */,
			);
			runOnlyForDeploymentPostprocessing = 0;
		};
		236D1FF425D856710063A568 /* Sources */ = {
			isa = PBXSourcesBuildPhase;
			buildActionMask = 2147483647;
			files = (
				236D1FFD25D856710063A568 /* iPad_GoTests.swift in Sources */,
			);
			runOnlyForDeploymentPostprocessing = 0;
		};
		236D1FFF25D856710063A568 /* Sources */ = {
			isa = PBXSourcesBuildPhase;
			buildActionMask = 2147483647;
			files = (
				236D200825D856710063A568 /* iPad_GoUITests.swift in Sources */,
			);
			runOnlyForDeploymentPostprocessing = 0;
		};
/* End PBXSourcesBuildPhase section */

/* Begin PBXTargetDependency section */
		236D1FFA25D856710063A568 /* PBXTargetDependency */ = {
			isa = PBXTargetDependency;
			target = 236D1FE625D8566E0063A568 /* iPad-Go */;
			targetProxy = 236D1FF925D856710063A568 /* PBXContainerItemProxy */;
		};
		236D200525D856710063A568 /* PBXTargetDependency */ = {
			isa = PBXTargetDependency;
			target = 236D1FE625D8566E0063A568 /* iPad-Go */;
			targetProxy = 236D200425D856710063A568 /* PBXContainerItemProxy */;
		};
/* End PBXTargetDependency section */

/* Begin XCBuildConfiguration section */
		236D200A25D856710063A568 /* Debug */ = {
			isa = XCBuildConfiguration;
			buildSettings = {
				ALWAYS_SEARCH_USER_PATHS = NO;
				CLANG_ANALYZER_NONNULL = YES;
				CLANG_ANALYZER_NUMBER_OBJECT_CONVERSION = YES_AGGRESSIVE;
				CLANG_CXX_LANGUAGE_STANDARD = "gnu++14";
				CLANG_CXX_LIBRARY = "libc++";
				CLANG_ENABLE_MODULES = YES;
				CLANG_ENABLE_OBJC_ARC = YES;
				CLANG_ENABLE_OBJC_WEAK = YES;
				CLANG_WARN_BLOCK_CAPTURE_AUTORELEASING = YES;
				CLANG_WARN_BOOL_CONVERSION = YES;
				CLANG_WARN_COMMA = YES;
				CLANG_WARN_CONSTANT_CONVERSION = YES;
				CLANG_WARN_DEPRECATED_OBJC_IMPLEMENTATIONS = YES;
				CLANG_WARN_DIRECT_OBJC_ISA_USAGE = YES_ERROR;
				CLANG_WARN_DOCUMENTATION_COMMENTS = YES;
				CLANG_WARN_EMPTY_BODY = YES;
				CLANG_WARN_ENUM_CONVERSION = YES;
				CLANG_WARN_INFINITE_RECURSION = YES;
				CLANG_WARN_INT_CONVERSION = YES;
				CLANG_WARN_NON_LITERAL_NULL_CONVERSION = YES;
				CLANG_WARN_OBJC_IMPLICIT_RETAIN_SELF = YES;
				CLANG_WARN_OBJC_LITERAL_CONVERSION = YES;
				CLANG_WARN_OBJC_ROOT_CLASS = YES_ERROR;
				CLANG_WARN_QUOTED_INCLUDE_IN_FRAMEWORK_HEADER = YES;
				CLANG_WARN_RANGE_LOOP_ANALYSIS = YES;
				CLANG_WARN_STRICT_PROTOTYPES = YES;
				CLANG_WARN_SUSPICIOUS_MOVE = YES;
				CLANG_WARN_UNGUARDED_AVAILABILITY = YES_AGGRESSIVE;
				CLANG_WARN_UNREACHABLE_CODE = YES;
				CLANG_WARN__DUPLICATE_METHOD_MATCH = YES;
				COPY_PHASE_STRIP = NO;
				DEBUG_INFORMATION_FORMAT = dwarf;
				ENABLE_STRICT_OBJC_MSGSEND = YES;
				ENABLE_TESTABILITY = YES;
				GCC_C_LANGUAGE_STANDARD = gnu11;
				GCC_DYNAMIC_NO_PIC = NO;
				GCC_NO_COMMON_BLOCKS = YES;
				GCC_OPTIMIZATION_LEVEL = 0;
				GCC_PREPROCESSOR_DEFINITIONS = (
					"DEBUG=1",
					"$(inherited)",
				);
				GCC_WARN_64_TO_32_BIT_CONVERSION = YES;
				GCC_WARN_ABOUT_RETURN_TYPE = YES_ERROR;
				GCC_WARN_UNDECLARED_SELECTOR = YES;
				GCC_WARN_UNINITIALIZED_AUTOS = YES_AGGRESSIVE;
				GCC_WARN_UNUSED_FUNCTION = YES;
				GCC_WARN_UNUSED_VARIABLE = YES;
				IPHONEOS_DEPLOYMENT_TARGET = 14.4;
				MTL_ENABLE_DEBUG_INFO = INCLUDE_SOURCE;
				MTL_FAST_MATH = YES;
				ONLY_ACTIVE_ARCH = YES;
				SDKROOT = iphoneos;
				SWIFT_ACTIVE_COMPILATION_CONDITIONS = DEBUG;
				SWIFT_OPTIMIZATION_LEVEL = "-Onone";
			};
			name = Debug;
		};
		236D200B25D856710063A568 /* Release */ = {
			isa = XCBuildConfiguration;
			buildSettings = {
				ALWAYS_SEARCH_USER_PATHS = NO;
				CLANG_ANALYZER_NONNULL = YES;
				CLANG_ANALYZER_NUMBER_OBJECT_CONVERSION = YES_AGGRESSIVE;
				CLANG_CXX_LANGUAGE_STANDARD = "gnu++14";
				CLANG_CXX_LIBRARY = "libc++";
				CLANG_ENABLE_MODULES = YES;
				CLANG_ENABLE_OBJC_ARC = YES;
				CLANG_ENABLE_OBJC_WEAK = YES;
				CLANG_WARN_BLOCK_CAPTURE_AUTORELEASING = YES;
				CLANG_WARN_BOOL_CONVERSION = YES;
				CLANG_WARN_COMMA = YES;
				CLANG_WARN_CONSTANT_CONVERSION = YES;
				CLANG_WARN_DEPRECATED_OBJC_IMPLEMENTATIONS = YES;
				CLANG_WARN_DIRECT_OBJC_ISA_USAGE = YES_ERROR;
				CLANG_WARN_DOCUMENTATION_COMMENTS = YES;
				CLANG_WARN_EMPTY_BODY = YES;
				CLANG_WARN_ENUM_CONVERSION = YES;
				CLANG_WARN_INFINITE_RECURSION = YES;
				CLANG_WARN_INT_CONVERSION = YES;
				CLANG_WARN_NON_LITERAL_NULL_CONVERSION = YES;
				CLANG_WARN_OBJC_IMPLICIT_RETAIN_SELF = YES;
				CLANG_WARN_OBJC_LITERAL_CONVERSION = YES;
				CLANG_WARN_OBJC_ROOT_CLASS = YES_ERROR;
				CLANG_WARN_QUOTED_INCLUDE_IN_FRAMEWORK_HEADER = YES;
				CLANG_WARN_RANGE_LOOP_ANALYSIS = YES;
				CLANG_WARN_STRICT_PROTOTYPES = YES;
				CLANG_WARN_SUSPICIOUS_MOVE = YES;
				CLANG_WARN_UNGUARDED_AVAILABILITY = YES_AGGRESSIVE;
				CLANG_WARN_UNREACHABLE_CODE = YES;
				CLANG_WARN__DUPLICATE_METHOD_MATCH = YES;
				COPY_PHASE_STRIP = NO;
				DEBUG_INFORMATION_FORMAT = "dwarf-with-dsym";
				ENABLE_NS_ASSERTIONS = NO;
				ENABLE_STRICT_OBJC_MSGSEND = YES;
				GCC_C_LANGUAGE_STANDARD = gnu11;
				GCC_NO_COMMON_BLOCKS = YES;
				GCC_WARN_64_TO_32_BIT_CONVERSION = YES;
				GCC_WARN_ABOUT_RETURN_TYPE = YES_ERROR;
				GCC_WARN_UNDECLARED_SELECTOR = YES;
				GCC_WARN_UNINITIALIZED_AUTOS = YES_AGGRESSIVE;
				GCC_WARN_UNUSED_FUNCTION = YES;
				GCC_WARN_UNUSED_VARIABLE = YES;
				IPHONEOS_DEPLOYMENT_TARGET = 14.4;
				MTL_ENABLE_DEBUG_INFO = NO;
				MTL_FAST_MATH = YES;
				SDKROOT = iphoneos;
				SWIFT_COMPILATION_MODE = wholemodule;
				SWIFT_OPTIMIZATION_LEVEL = "-O";
				VALIDATE_PRODUCT = YES;
			};
			name = Release;
		};
		236D200D25D856710063A568 /* Debug */ = {
			isa = XCBuildConfiguration;
			buildSettings = {
				ASSETCATALOG_COMPILER_APPICON_NAME = AppIcon;
				ASSETCATALOG_COMPILER_GLOBAL_ACCENT_COLOR_NAME = AccentColor;
				CODE_SIGN_STYLE = Automatic;
				DEVELOPMENT_ASSET_PATHS = "\"iPad-Go/Preview Content\"";
				ENABLE_PREVIEWS = YES;
				INFOPLIST_FILE = "iPad-Go/Info.plist";
				IPHONEOS_DEPLOYMENT_TARGET = 14.0;
				LD_RUNPATH_SEARCH_PATHS = (
					"$(inherited)",
					"@executable_path/Frameworks",
				);
				PRODUCT_BUNDLE_IDENTIFIER = "CoffeeGames.iPad-Go";
				PRODUCT_NAME = "$(TARGET_NAME)";
				SWIFT_VERSION = 5.0;
				TARGETED_DEVICE_FAMILY = "1,2";
			};
			name = Debug;
		};
		236D200E25D856710063A568 /* Release */ = {
			isa = XCBuildConfiguration;
			buildSettings = {
				ASSETCATALOG_COMPILER_APPICON_NAME = AppIcon;
				ASSETCATALOG_COMPILER_GLOBAL_ACCENT_COLOR_NAME = AccentColor;
				CODE_SIGN_STYLE = Automatic;
				DEVELOPMENT_ASSET_PATHS = "\"iPad-Go/Preview Content\"";
				ENABLE_PREVIEWS = YES;
				INFOPLIST_FILE = "iPad-Go/Info.plist";
				IPHONEOS_DEPLOYMENT_TARGET = 14.0;
				LD_RUNPATH_SEARCH_PATHS = (
					"$(inherited)",
					"@executable_path/Frameworks",
				);
				PRODUCT_BUNDLE_IDENTIFIER = "CoffeeGames.iPad-Go";
				PRODUCT_NAME = "$(TARGET_NAME)";
				SWIFT_VERSION = 5.0;
				TARGETED_DEVICE_FAMILY = "1,2";
			};
			name = Release;
		};
		236D201025D856710063A568 /* Debug */ = {
			isa = XCBuildConfiguration;
			buildSettings = {
				ALWAYS_EMBED_SWIFT_STANDARD_LIBRARIES = YES;
				BUNDLE_LOADER = "$(TEST_HOST)";
				CODE_SIGN_STYLE = Automatic;
				INFOPLIST_FILE = "iPad-GoTests/Info.plist";
				IPHONEOS_DEPLOYMENT_TARGET = 14.0;
				LD_RUNPATH_SEARCH_PATHS = (
					"$(inherited)",
					"@executable_path/Frameworks",
					"@loader_path/Frameworks",
				);
				PRODUCT_BUNDLE_IDENTIFIER = "CoffeeGames.iPad-GoTests";
				PRODUCT_NAME = "$(TARGET_NAME)";
				SWIFT_VERSION = 5.0;
				TARGETED_DEVICE_FAMILY = "1,2";
				TEST_HOST = "$(BUILT_PRODUCTS_DIR)/iPad-Go.app/iPad-Go";
			};
			name = Debug;
		};
		236D201125D856710063A568 /* Release */ = {
			isa = XCBuildConfiguration;
			buildSettings = {
				ALWAYS_EMBED_SWIFT_STANDARD_LIBRARIES = YES;
				BUNDLE_LOADER = "$(TEST_HOST)";
				CODE_SIGN_STYLE = Automatic;
				INFOPLIST_FILE = "iPad-GoTests/Info.plist";
				IPHONEOS_DEPLOYMENT_TARGET = 14.0;
				LD_RUNPATH_SEARCH_PATHS = (
					"$(inherited)",
					"@executable_path/Frameworks",
					"@loader_path/Frameworks",
				);
				PRODUCT_BUNDLE_IDENTIFIER = "CoffeeGames.iPad-GoTests";
				PRODUCT_NAME = "$(TARGET_NAME)";
				SWIFT_VERSION = 5.0;
				TARGETED_DEVICE_FAMILY = "1,2";
				TEST_HOST = "$(BUILT_PRODUCTS_DIR)/iPad-Go.app/iPad-Go";
			};
			name = Release;
		};
		236D201325D856710063A568 /* Debug */ = {
			isa = XCBuildConfiguration;
			buildSettings = {
				ALWAYS_EMBED_SWIFT_STANDARD_LIBRARIES = YES;
				CODE_SIGN_STYLE = Automatic;
				INFOPLIST_FILE = "iPad-GoUITests/Info.plist";
				LD_RUNPATH_SEARCH_PATHS = (
					"$(inherited)",
					"@executable_path/Frameworks",
					"@loader_path/Frameworks",
				);
				PRODUCT_BUNDLE_IDENTIFIER = "CoffeeGames.iPad-GoUITests";
				PRODUCT_NAME = "$(TARGET_NAME)";
				SWIFT_VERSION = 5.0;
				TARGETED_DEVICE_FAMILY = "1,2";
				TEST_TARGET_NAME = "iPad-Go";
			};
			name = Debug;
		};
		236D201425D856710063A568 /* Release */ = {
			isa = XCBuildConfiguration;
			buildSettings = {
				ALWAYS_EMBED_SWIFT_STANDARD_LIBRARIES = YES;
				CODE_SIGN_STYLE = Automatic;
				INFOPLIST_FILE = "iPad-GoUITests/Info.plist";
				LD_RUNPATH_SEARCH_PATHS = (
					"$(inherited)",
					"@executable_path/Frameworks",
					"@loader_path/Frameworks",
				);
				PRODUCT_BUNDLE_IDENTIFIER = "CoffeeGames.iPad-GoUITests";
				PRODUCT_NAME = "$(TARGET_NAME)";
				SWIFT_VERSION = 5.0;
				TARGETED_DEVICE_FAMILY = "1,2";
				TEST_TARGET_NAME = "iPad-Go";
			};
			name = Release;
		};
/* End XCBuildConfiguration section */

/* Begin XCConfigurationList section */
		236D1FE225D8566E0063A568 /* Build configuration list for PBXProject "iPad-Go" */ = {
			isa = XCConfigurationList;
			buildConfigurations = (
				236D200A25D856710063A568 /* Debug */,
				236D200B25D856710063A568 /* Release */,
			);
			defaultConfigurationIsVisible = 0;
			defaultConfigurationName = Release;
		};
		236D200C25D856710063A568 /* Build configuration list for PBXNativeTarget "iPad-Go" */ = {
			isa = XCConfigurationList;
			buildConfigurations = (
				236D200D25D856710063A568 /* Debug */,
				236D200E25D856710063A568 /* Release */,
			);
			defaultConfigurationIsVisible = 0;
			defaultConfigurationName = Release;
		};
		236D200F25D856710063A568 /* Build configuration list for PBXNativeTarget "iPad-GoTests" */ = {
			isa = XCConfigurationList;
			buildConfigurations = (
				236D201025D856710063A568 /* Debug */,
				236D201125D856710063A568 /* Release */,
			);
			defaultConfigurationIsVisible = 0;
			defaultConfigurationName = Release;
		};
		236D201225D856710063A568 /* Build configuration list for PBXNativeTarget "iPad-GoUITests" */ = {
			isa = XCConfigurationList;
			buildConfigurations = (
				236D201325D856710063A568 /* Debug */,
				236D201425D856710063A568 /* Release */,
			);
			defaultConfigurationIsVisible = 0;
			defaultConfigurationName = Release;
		};
/* End XCConfigurationList section */
	};
	rootObject = 236D1FDF25D8566E0063A568 /* Project object */;
}
